
Microsoft Visual Studio Solution File, Format Version 12.00
# Visual Studio Version 17
VisualStudioVersion = 17.5.33530.505
MinimumVisualStudioVersion = 10.0.40219.1
Project("{FAE04EC0-301F-11D3-BF4B-00C04F79EFBC}") = "HW_Module_14_Part_1_Serialise_Log", "HW_Module_14_Part_1_Serialise_Log\HW_Module_14_Part_1_Serialise_Log.csproj", "{7A5FD661-79F7-455F-933C-A658A7E2EFA1}"
EndProject
Project("{FAE04EC0-301F-11D3-BF4B-00C04F79EFBC}") = "Task_2_log", "Task_2_log\Task_2_log.csproj", "{CD2ADD49-1C80-4E99-AAD9-77F1AD903F33}"
EndProject
Global
	GlobalSection(SolutionConfigurationPlatforms) = preSolution
		Debug|Any CPU = Debug|Any CPU
		Release|Any CPU = Release|Any CPU
	EndGlobalSection
	GlobalSection(ProjectConfigurationPlatforms) = postSolution
		{7A5FD661-79F7-455F-933C-A658A7E2EFA1}.Debug|Any CPU.ActiveCfg = Debug|Any CPU
		{7A5FD661-79F7-455F-933C-A658A7E2EFA1}.Debug|Any CPU.Build.0 = Debug|Any CPU
		{7A5FD661-79F7-455F-933C-A658A7E2EFA1}.Release|Any CPU.ActiveCfg = Release|Any CPU
		{7A5FD661-79F7-455F-933C-A658A7E2EFA1}.Release|Any CPU.Build.0 = Release|Any CPU
		{CD2ADD49-1C80-4E99-AAD9-77F1AD903F33}.Debug|Any CPU.ActiveCfg = Debug|Any CPU
		{CD2ADD49-1C80-4E99-AAD9-77F1AD903F33}.Debug|Any CPU.Build.0 = Debug|Any CPU
		{CD2ADD49-1C80-4E99-AAD9-77F1AD903F33}.Release|Any CPU.ActiveCfg = Release|Any CPU
		{CD2ADD49-1C80-4E99-AAD9-77F1AD903F33}.Release|Any CPU.Build.0 = Release|Any CPU
	EndGlobalSection
	GlobalSection(SolutionProperties) = preSolution
		HideSolutionNode = FALSE
	EndGlobalSection
	GlobalSection(ExtensibilityGlobals) = postSolution
		SolutionGuid = {CA8ED73F-4D08-4AFA-BFFC-18AABD0D22F1}
	EndGlobalSection
EndGlobal
